// !$*UTF8*$!
{
	archiveVersion = 1;
	classes = {
	};
	objectVersion = 55;
	objects = {

/* Begin PBXBuildFile section */
		0D6A4BDA28BC32D8000BDE68 /* AppDelegate.swift in Sources */ = {isa = PBXBuildFile; fileRef = 0D6A4BD928BC32D8000BDE68 /* AppDelegate.swift */; };
		0D6A4BDC28BC32D8000BDE68 /* SceneDelegate.swift in Sources */ = {isa = PBXBuildFile; fileRef = 0D6A4BDB28BC32D8000BDE68 /* SceneDelegate.swift */; };
		0D6A4BDE28BC32D8000BDE68 /* ViewController.swift in Sources */ = {isa = PBXBuildFile; fileRef = 0D6A4BDD28BC32D8000BDE68 /* ViewController.swift */; };
		0D6A4BE128BC32D8000BDE68 /* Main.storyboard in Resources */ = {isa = PBXBuildFile; fileRef = 0D6A4BDF28BC32D8000BDE68 /* Main.storyboard */; };
		0D6A4BE328BC32E2000BDE68 /* Assets.xcassets in Resources */ = {isa = PBXBuildFile; fileRef = 0D6A4BE228BC32E2000BDE68 /* Assets.xcassets */; };
		0D6A4BE628BC32E2000BDE68 /* LaunchScreen.storyboard in Resources */ = {isa = PBXBuildFile; fileRef = 0D6A4BE428BC32E2000BDE68 /* LaunchScreen.storyboard */; };
		0D6A4BF228BC354A000BDE68 /* AnimationApp.swift in Sources */ = {isa = PBXBuildFile; fileRef = 0D6A4BF128BC354A000BDE68 /* AnimationApp.swift */; };
		0D6A4BF428BC355E000BDE68 /* AnimationModel.swift in Sources */ = {isa = PBXBuildFile; fileRef = 0D6A4BF328BC355E000BDE68 /* AnimationModel.swift */; };
		0D6A4BF628BC35A9000BDE68 /* ActivityVC.swift in Sources */ = {isa = PBXBuildFile; fileRef = 0D6A4BF528BC35A9000BDE68 /* ActivityVC.swift */; };
		0D6A4BF928BC374C000BDE68 /* NVActivityIndicatorView in Frameworks */ = {isa = PBXBuildFile; productRef = 0D6A4BF828BC374C000BDE68 /* NVActivityIndicatorView */; };
		0D6A4BFB28BC374C000BDE68 /* NVActivityIndicatorViewExtended in Frameworks */ = {isa = PBXBuildFile; productRef = 0D6A4BFA28BC374C000BDE68 /* NVActivityIndicatorViewExtended */; };
		247BA6194C3FEEB204434EDD /* Pods_Animation.framework in Frameworks */ = {isa = PBXBuildFile; fileRef = F50BA37EE6235DCC2124174A /* Pods_Animation.framework */; };
/* End PBXBuildFile section */

/* Begin PBXFileReference section */
		0D6A4BD628BC32D8000BDE68 /* Animation.app */ = {isa = PBXFileReference; explicitFileType = wrapper.application; includeInIndex = 0; path = Animation.app; sourceTree = BUILT_PRODUCTS_DIR; };
		0D6A4BD928BC32D8000BDE68 /* AppDelegate.swift */ = {isa = PBXFileReference; lastKnownFileType = sourcecode.swift; path = AppDelegate.swift; sourceTree = "<group>"; };
		0D6A4BDB28BC32D8000BDE68 /* SceneDelegate.swift */ = {isa = PBXFileReference; lastKnownFileType = sourcecode.swift; path = SceneDelegate.swift; sourceTree = "<group>"; };
		0D6A4BDD28BC32D8000BDE68 /* ViewController.swift */ = {isa = PBXFileReference; lastKnownFileType = sourcecode.swift; path = ViewController.swift; sourceTree = "<group>"; };
		0D6A4BE028BC32D8000BDE68 /* Base */ = {isa = PBXFileReference; lastKnownFileType = file.storyboard; name = Base; path = Base.lproj/Main.storyboard; sourceTree = "<group>"; };
		0D6A4BE228BC32E2000BDE68 /* Assets.xcassets */ = {isa = PBXFileReference; lastKnownFileType = folder.assetcatalog; path = Assets.xcassets; sourceTree = "<group>"; };
		0D6A4BE528BC32E2000BDE68 /* Base */ = {isa = PBXFileReference; lastKnownFileType = file.storyboard; name = Base; path = Base.lproj/LaunchScreen.storyboard; sourceTree = "<group>"; };
		0D6A4BE728BC32E2000BDE68 /* Info.plist */ = {isa = PBXFileReference; lastKnownFileType = text.plist.xml; path = Info.plist; sourceTree = "<group>"; };
		0D6A4BF128BC354A000BDE68 /* AnimationApp.swift */ = {isa = PBXFileReference; lastKnownFileType = sourcecode.swift; path = AnimationApp.swift; sourceTree = "<group>"; };
		0D6A4BF328BC355E000BDE68 /* AnimationModel.swift */ = {isa = PBXFileReference; lastKnownFileType = sourcecode.swift; path = AnimationModel.swift; sourceTree = "<group>"; };
		0D6A4BF528BC35A9000BDE68 /* ActivityVC.swift */ = {isa = PBXFileReference; lastKnownFileType = sourcecode.swift; path = ActivityVC.swift; sourceTree = "<group>"; };
		36861428BFB0969353FC0BE3 /* Pods-Animation.debug.xcconfig */ = {isa = PBXFileReference; includeInIndex = 1; lastKnownFileType = text.xcconfig; name = "Pods-Animation.debug.xcconfig"; path = "Target Support Files/Pods-Animation/Pods-Animation.debug.xcconfig"; sourceTree = "<group>"; };
		BDFD338D3D14848525624374 /* Pods-Animation.release.xcconfig */ = {isa = PBXFileReference; includeInIndex = 1; lastKnownFileType = text.xcconfig; name = "Pods-Animation.release.xcconfig"; path = "Target Support Files/Pods-Animation/Pods-Animation.release.xcconfig"; sourceTree = "<group>"; };
		F50BA37EE6235DCC2124174A /* Pods_Animation.framework */ = {isa = PBXFileReference; explicitFileType = wrapper.framework; includeInIndex = 0; path = Pods_Animation.framework; sourceTree = BUILT_PRODUCTS_DIR; };
/* End PBXFileReference section */

/* Begin PBXFrameworksBuildPhase section */
		0D6A4BD328BC32D8000BDE68 /* Frameworks */ = {
			isa = PBXFrameworksBuildPhase;
			buildActionMask = 2147483647;
			files = (
				0D6A4BF928BC374C000BDE68 /* NVActivityIndicatorView in Frameworks */,
				0D6A4BFB28BC374C000BDE68 /* NVActivityIndicatorViewExtended in Frameworks */,
				247BA6194C3FEEB204434EDD /* Pods_Animation.framework in Frameworks */,
			);
			runOnlyForDeploymentPostprocessing = 0;
		};
/* End PBXFrameworksBuildPhase section */

/* Begin PBXGroup section */
		0D6A4BCD28BC32D8000BDE68 = {
			isa = PBXGroup;
			children = (
				0D6A4BD828BC32D8000BDE68 /* Animation */,
				0D6A4BD728BC32D8000BDE68 /* Products */,
				9FFAF9DDF6AB7C651A373CF3 /* Pods */,
				A596110CD1C710DBC2AE4FDE /* Frameworks */,
			);
			sourceTree = "<group>";
		};
		0D6A4BD728BC32D8000BDE68 /* Products */ = {
			isa = PBXGroup;
			children = (
				0D6A4BD628BC32D8000BDE68 /* Animation.app */,
			);
			name = Products;
			sourceTree = "<group>";
		};
		0D6A4BD828BC32D8000BDE68 /* Animation */ = {
			isa = PBXGroup;
			children = (
				0D6A4BED28BC34F0000BDE68 /* App */,
				0D6A4BEE28BC34F7000BDE68 /* Controllers */,
				0D6A4BEF28BC3503000BDE68 /* Views */,
				0D6A4BF028BC3527000BDE68 /* Model */,
				0D6A4BE228BC32E2000BDE68 /* Assets.xcassets */,
				0D6A4BE728BC32E2000BDE68 /* Info.plist */,
			);
			path = Animation;
			sourceTree = "<group>";
		};
		0D6A4BED28BC34F0000BDE68 /* App */ = {
			isa = PBXGroup;
			children = (
				0D6A4BD928BC32D8000BDE68 /* AppDelegate.swift */,
				0D6A4BDB28BC32D8000BDE68 /* SceneDelegate.swift */,
			);
			path = App;
			sourceTree = "<group>";
		};
		0D6A4BEE28BC34F7000BDE68 /* Controllers */ = {
			isa = PBXGroup;
			children = (
				0D6A4BDD28BC32D8000BDE68 /* ViewController.swift */,
				0D6A4BF528BC35A9000BDE68 /* ActivityVC.swift */,
			);
			path = Controllers;
			sourceTree = "<group>";
		};
		0D6A4BEF28BC3503000BDE68 /* Views */ = {
			isa = PBXGroup;
			children = (
				0D6A4BDF28BC32D8000BDE68 /* Main.storyboard */,
				0D6A4BE428BC32E2000BDE68 /* LaunchScreen.storyboard */,
			);
			path = Views;
			sourceTree = "<group>";
		};
		0D6A4BF028BC3527000BDE68 /* Model */ = {
			isa = PBXGroup;
			children = (
				0D6A4BF128BC354A000BDE68 /* AnimationApp.swift */,
				0D6A4BF328BC355E000BDE68 /* AnimationModel.swift */,
			);
			path = Model;
			sourceTree = "<group>";
		};
		9FFAF9DDF6AB7C651A373CF3 /* Pods */ = {
			isa = PBXGroup;
			children = (
				36861428BFB0969353FC0BE3 /* Pods-Animation.debug.xcconfig */,
				BDFD338D3D14848525624374 /* Pods-Animation.release.xcconfig */,
			);
			name = Pods;
			path = Pods;
			sourceTree = "<group>";
		};
		A596110CD1C710DBC2AE4FDE /* Frameworks */ = {
			isa = PBXGroup;
			children = (
				F50BA37EE6235DCC2124174A /* Pods_Animation.framework */,
			);
			name = Frameworks;
			sourceTree = "<group>";
		};
/* End PBXGroup section */

/* Begin PBXNativeTarget section */
		0D6A4BD528BC32D8000BDE68 /* Animation */ = {
			isa = PBXNativeTarget;
			buildConfigurationList = 0D6A4BEA28BC32E2000BDE68 /* Build configuration list for PBXNativeTarget "Animation" */;
			buildPhases = (
				4DF400A7B5FCA903CD1A2EE6 /* [CP] Check Pods Manifest.lock */,
				0D6A4BD228BC32D8000BDE68 /* Sources */,
				0D6A4BD328BC32D8000BDE68 /* Frameworks */,
				0D6A4BD428BC32D8000BDE68 /* Resources */,
				EEF8724A690B39CBBF362DFD /* [CP] Embed Pods Frameworks */,
			);
			buildRules = (
			);
			dependencies = (
			);
			name = Animation;
			packageProductDependencies = (
				0D6A4BF828BC374C000BDE68 /* NVActivityIndicatorView */,
				0D6A4BFA28BC374C000BDE68 /* NVActivityIndicatorViewExtended */,
			);
			productName = Animation;
			productReference = 0D6A4BD628BC32D8000BDE68 /* Animation.app */;
			productType = "com.apple.product-type.application";
		};
/* End PBXNativeTarget section */

/* Begin PBXProject section */
		0D6A4BCE28BC32D8000BDE68 /* Project object */ = {
			isa = PBXProject;
			attributes = {
				BuildIndependentTargetsInParallel = 1;
				LastSwiftUpdateCheck = 1340;
				LastUpgradeCheck = 1340;
				TargetAttributes = {
					0D6A4BD528BC32D8000BDE68 = {
						CreatedOnToolsVersion = 13.4.1;
					};
				};
			};
			buildConfigurationList = 0D6A4BD128BC32D8000BDE68 /* Build configuration list for PBXProject "Animation" */;
			compatibilityVersion = "Xcode 13.0";
			developmentRegion = en;
			hasScannedForEncodings = 0;
			knownRegions = (
				en,
				Base,
			);
			mainGroup = 0D6A4BCD28BC32D8000BDE68;
			packageReferences = (
				0D6A4BF728BC374B000BDE68 /* XCRemoteSwiftPackageReference "NVActivityIndicatorView.git" */,
			);
			productRefGroup = 0D6A4BD728BC32D8000BDE68 /* Products */;
			projectDirPath = "";
			projectRoot = "";
			targets = (
				0D6A4BD528BC32D8000BDE68 /* Animation */,
			);
		};
/* End PBXProject section */

/* Begin PBXResourcesBuildPhase section */
		0D6A4BD428BC32D8000BDE68 /* Resources */ = {
			isa = PBXResourcesBuildPhase;
			buildActionMask = 2147483647;
			files = (
				0D6A4BE628BC32E2000BDE68 /* LaunchScreen.storyboard in Resources */,
				0D6A4BE328BC32E2000BDE68 /* Assets.xcassets in Resources */,
				0D6A4BE128BC32D8000BDE68 /* Main.storyboard in Resources */,
			);
			runOnlyForDeploymentPostprocessing = 0;
		};
/* End PBXResourcesBuildPhase section */

/* Begin PBXShellScriptBuildPhase section */
		4DF400A7B5FCA903CD1A2EE6 /* [CP] Check Pods Manifest.lock */ = {
			isa = PBXShellScriptBuildPhase;
			buildActionMask = 2147483647;
			files = (
			);
			inputFileListPaths = (
			);
			inputPaths = (
				"${PODS_PODFILE_DIR_PATH}/Podfile.lock",
				"${PODS_ROOT}/Manifest.lock",
			);
			name = "[CP] Check Pods Manifest.lock";
			outputFileListPaths = (
			);
			outputPaths = (
				"$(DERIVED_FILE_DIR)/Pods-Animation-checkManifestLockResult.txt",
			);
			runOnlyForDeploymentPostprocessing = 0;
			shellPath = /bin/sh;
			shellScript = "diff \"${PODS_PODFILE_DIR_PATH}/Podfile.lock\" \"${PODS_ROOT}/Manifest.lock\" > /dev/null\nif [ $? != 0 ] ; then\n    # print error to STDERR\n    echo \"error: The sandbox is not in sync with the Podfile.lock. Run 'pod install' or update your CocoaPods installation.\" >&2\n    exit 1\nfi\n# This output is used by Xcode 'outputs' to avoid re-running this script phase.\necho \"SUCCESS\" > \"${SCRIPT_OUTPUT_FILE_0}\"\n";
			showEnvVarsInLog = 0;
		};
		EEF8724A690B39CBBF362DFD /* [CP] Embed Pods Frameworks */ = {
			isa = PBXShellScriptBuildPhase;
			buildActionMask = 2147483647;
			files = (
			);
			inputFileListPaths = (
				"${PODS_ROOT}/Target Support Files/Pods-Animation/Pods-Animation-frameworks-${CONFIGURATION}-input-files.xcfilelist",
			);
			name = "[CP] Embed Pods Frameworks";
			outputFileListPaths = (
				"${PODS_ROOT}/Target Support Files/Pods-Animation/Pods-Animation-frameworks-${CONFIGURATION}-output-files.xcfilelist",
			);
			runOnlyForDeploymentPostprocessing = 0;
			shellPath = /bin/sh;
			shellScript = "\"${PODS_ROOT}/Target Support Files/Pods-Animation/Pods-Animation-frameworks.sh\"\n";
			showEnvVarsInLog = 0;
		};
/* End PBXShellScriptBuildPhase section */

/* Begin PBXSourcesBuildPhase section */
		0D6A4BD228BC32D8000BDE68 /* Sources */ = {
			isa = PBXSourcesBuildPhase;
			buildActionMask = 2147483647;
			files = (
				0D6A4BDE28BC32D8000BDE68 /* ViewController.swift in Sources */,
				0D6A4BDA28BC32D8000BDE68 /* AppDelegate.swift in Sources */,
				0D6A4BF228BC354A000BDE68 /* AnimationApp.swift in Sources */,
				0D6A4BF628BC35A9000BDE68 /* ActivityVC.swift in Sources */,
				0D6A4BDC28BC32D8000BDE68 /* SceneDelegate.swift in Sources */,
				0D6A4BF428BC355E000BDE68 /* AnimationModel.swift in Sources */,
			);
			runOnlyForDeploymentPostprocessing = 0;
		};
/* End PBXSourcesBuildPhase section */

/* Begin PBXVariantGroup section */
		0D6A4BDF28BC32D8000BDE68 /* Main.storyboard */ = {
			isa = PBXVariantGroup;
			children = (
				0D6A4BE028BC32D8000BDE68 /* Base */,
			);
			name = Main.storyboard;
			sourceTree = "<group>";
		};
		0D6A4BE428BC32E2000BDE68 /* LaunchScreen.storyboard */ = {
			isa = PBXVariantGroup;
			children = (
				0D6A4BE528BC32E2000BDE68 /* Base */,
			);
			name = LaunchScreen.storyboard;
			sourceTree = "<group>";
		};
/* End PBXVariantGroup section */

/* Begin XCBuildConfiguration section */
		0D6A4BE828BC32E2000BDE68 /* Debug */ = {
			isa = XCBuildConfiguration;
			buildSettings = {
				ALWAYS_SEARCH_USER_PATHS = NO;
				CLANG_ANALYZER_NONNULL = YES;
				CLANG_ANALYZER_NUMBER_OBJECT_CONVERSION = YES_AGGRESSIVE;
				CLANG_CXX_LANGUAGE_STANDARD = "gnu++17";
				CLANG_ENABLE_MODULES = YES;
				CLANG_ENABLE_OBJC_ARC = YES;
				CLANG_ENABLE_OBJC_WEAK = YES;
				CLANG_WARN_BLOCK_CAPTURE_AUTORELEASING = YES;
				CLANG_WARN_BOOL_CONVERSION = YES;
				CLANG_WARN_COMMA = YES;
				CLANG_WARN_CONSTANT_CONVERSION = YES;
				CLANG_WARN_DEPRECATED_OBJC_IMPLEMENTATIONS = YES;
				CLANG_WARN_DIRECT_OBJC_ISA_USAGE = YES_ERROR;
				CLANG_WARN_DOCUMENTATION_COMMENTS = YES;
				CLANG_WARN_EMPTY_BODY = YES;
				CLANG_WARN_ENUM_CONVERSION = YES;
				CLANG_WARN_INFINITE_RECURSION = YES;
				CLANG_WARN_INT_CONVERSION = YES;
				CLANG_WARN_NON_LITERAL_NULL_CONVERSION = YES;
				CLANG_WARN_OBJC_IMPLICIT_RETAIN_SELF = YES;
				CLANG_WARN_OBJC_LITERAL_CONVERSION = YES;
				CLANG_WARN_OBJC_ROOT_CLASS = YES_ERROR;
				CLANG_WARN_QUOTED_INCLUDE_IN_FRAMEWORK_HEADER = YES;
				CLANG_WARN_RANGE_LOOP_ANALYSIS = YES;
				CLANG_WARN_STRICT_PROTOTYPES = YES;
				CLANG_WARN_SUSPICIOUS_MOVE = YES;
				CLANG_WARN_UNGUARDED_AVAILABILITY = YES_AGGRESSIVE;
				CLANG_WARN_UNREACHABLE_CODE = YES;
				CLANG_WARN__DUPLICATE_METHOD_MATCH = YES;
				COPY_PHASE_STRIP = NO;
				DEBUG_INFORMATION_FORMAT = dwarf;
				ENABLE_STRICT_OBJC_MSGSEND = YES;
				ENABLE_TESTABILITY = YES;
				GCC_C_LANGUAGE_STANDARD = gnu11;
				GCC_DYNAMIC_NO_PIC = NO;
				GCC_NO_COMMON_BLOCKS = YES;
				GCC_OPTIMIZATION_LEVEL = 0;
				GCC_PREPROCESSOR_DEFINITIONS = (
					"DEBUG=1",
					"$(inherited)",
				);
				GCC_WARN_64_TO_32_BIT_CONVERSION = YES;
				GCC_WARN_ABOUT_RETURN_TYPE = YES_ERROR;
				GCC_WARN_UNDECLARED_SELECTOR = YES;
				GCC_WARN_UNINITIALIZED_AUTOS = YES_AGGRESSIVE;
				GCC_WARN_UNUSED_FUNCTION = YES;
				GCC_WARN_UNUSED_VARIABLE = YES;
				IPHONEOS_DEPLOYMENT_TARGET = 15.5;
				MTL_ENABLE_DEBUG_INFO = INCLUDE_SOURCE;
				MTL_FAST_MATH = YES;
				ONLY_ACTIVE_ARCH = YES;
				SDKROOT = iphoneos;
				SWIFT_ACTIVE_COMPILATION_CONDITIONS = DEBUG;
				SWIFT_OPTIMIZATION_LEVEL = "-Onone";
			};
			name = Debug;
		};
		0D6A4BE928BC32E2000BDE68 /* Release */ = {
			isa = XCBuildConfiguration;
			buildSettings = {
				ALWAYS_SEARCH_USER_PATHS = NO;
				CLANG_ANALYZER_NONNULL = YES;
				CLANG_ANALYZER_NUMBER_OBJECT_CONVERSION = YES_AGGRESSIVE;
				CLANG_CXX_LANGUAGE_STANDARD = "gnu++17";
				CLANG_ENABLE_MODULES = YES;
				CLANG_ENABLE_OBJC_ARC = YES;
				CLANG_ENABLE_OBJC_WEAK = YES;
				CLANG_WARN_BLOCK_CAPTURE_AUTORELEASING = YES;
				CLANG_WARN_BOOL_CONVERSION = YES;
				CLANG_WARN_COMMA = YES;
				CLANG_WARN_CONSTANT_CONVERSION = YES;
				CLANG_WARN_DEPRECATED_OBJC_IMPLEMENTATIONS = YES;
				CLANG_WARN_DIRECT_OBJC_ISA_USAGE = YES_ERROR;
				CLANG_WARN_DOCUMENTATION_COMMENTS = YES;
				CLANG_WARN_EMPTY_BODY = YES;
				CLANG_WARN_ENUM_CONVERSION = YES;
				CLANG_WARN_INFINITE_RECURSION = YES;
				CLANG_WARN_INT_CONVERSION = YES;
				CLANG_WARN_NON_LITERAL_NULL_CONVERSION = YES;
				CLANG_WARN_OBJC_IMPLICIT_RETAIN_SELF = YES;
				CLANG_WARN_OBJC_LITERAL_CONVERSION = YES;
				CLANG_WARN_OBJC_ROOT_CLASS = YES_ERROR;
				CLANG_WARN_QUOTED_INCLUDE_IN_FRAMEWORK_HEADER = YES;
				CLANG_WARN_RANGE_LOOP_ANALYSIS = YES;
				CLANG_WARN_STRICT_PROTOTYPES = YES;
				CLANG_WARN_SUSPICIOUS_MOVE = YES;
				CLANG_WARN_UNGUARDED_AVAILABILITY = YES_AGGRESSIVE;
				CLANG_WARN_UNREACHABLE_CODE = YES;
				CLANG_WARN__DUPLICATE_METHOD_MATCH = YES;
				COPY_PHASE_STRIP = NO;
				DEBUG_INFORMATION_FORMAT = "dwarf-with-dsym";
				ENABLE_NS_ASSERTIONS = NO;
				ENABLE_STRICT_OBJC_MSGSEND = YES;
				GCC_C_LANGUAGE_STANDARD = gnu11;
				GCC_NO_COMMON_BLOCKS = YES;
				GCC_WARN_64_TO_32_BIT_CONVERSION = YES;
				GCC_WARN_ABOUT_RETURN_TYPE = YES_ERROR;
				GCC_WARN_UNDECLARED_SELECTOR = YES;
				GCC_WARN_UNINITIALIZED_AUTOS = YES_AGGRESSIVE;
				GCC_WARN_UNUSED_FUNCTION = YES;
				GCC_WARN_UNUSED_VARIABLE = YES;
				IPHONEOS_DEPLOYMENT_TARGET = 15.5;
				MTL_ENABLE_DEBUG_INFO = NO;
				MTL_FAST_MATH = YES;
				SDKROOT = iphoneos;
				SWIFT_COMPILATION_MODE = wholemodule;
				SWIFT_OPTIMIZATION_LEVEL = "-O";
				VALIDATE_PRODUCT = YES;
			};
			name = Release;
		};
		0D6A4BEB28BC32E2000BDE68 /* Debug */ = {
			isa = XCBuildConfiguration;
			baseConfigurationReference = 36861428BFB0969353FC0BE3 /* Pods-Animation.debug.xcconfig */;
			buildSettings = {
				ASSETCATALOG_COMPILER_APPICON_NAME = AppIcon;
				ASSETCATALOG_COMPILER_GLOBAL_ACCENT_COLOR_NAME = AccentColor;
				CODE_SIGN_STYLE = Automatic;
				CURRENT_PROJECT_VERSION = 1;
				DEVELOPMENT_TEAM = UDG9W6623R;
				GENERATE_INFOPLIST_FILE = YES;
				INFOPLIST_FILE = Animation/Info.plist;
				INFOPLIST_KEY_UIApplicationSupportsIndirectInputEvents = YES;
				INFOPLIST_KEY_UILaunchStoryboardName = LaunchScreen;
				INFOPLIST_KEY_UIMainStoryboardFile = Main;
				INFOPLIST_KEY_UISupportedInterfaceOrientations_iPad = "UIInterfaceOrientationPortrait UIInterfaceOrientationPortraitUpsideDown UIInterfaceOrientationLandscapeLeft UIInterfaceOrientationLandscapeRight";
				INFOPLIST_KEY_UISupportedInterfaceOrientations_iPhone = "UIInterfaceOrientationPortrait UIInterfaceOrientationLandscapeLeft UIInterfaceOrientationLandscapeRight";
				LD_RUNPATH_SEARCH_PATHS = (
					"$(inherited)",
					"@executable_path/Frameworks",
				);
				MARKETING_VERSION = 1.0;
				PRODUCT_BUNDLE_IDENTIFIER = HaydarBekmuradov.Animation;
				PRODUCT_NAME = "$(TARGET_NAME)";
				SWIFT_EMIT_LOC_STRINGS = YES;
				SWIFT_VERSION = 5.0;
				TARGETED_DEVICE_FAMILY = "1,2";
			};
			name = Debug;
		};
		0D6A4BEC28BC32E2000BDE68 /* Release */ = {
			isa = XCBuildConfiguration;
			baseConfigurationReference = BDFD338D3D14848525624374 /* Pods-Animation.release.xcconfig */;
			buildSettings = {
				ASSETCATALOG_COMPILER_APPICON_NAME = AppIcon;
				ASSETCATALOG_COMPILER_GLOBAL_ACCENT_COLOR_NAME = AccentColor;
				CODE_SIGN_STYLE = Automatic;
				CURRENT_PROJECT_VERSION = 1;
				DEVELOPMENT_TEAM = UDG9W6623R;
				GENERATE_INFOPLIST_FILE = YES;
				INFOPLIST_FILE = Animation/Info.plist;
				INFOPLIST_KEY_UIApplicationSupportsIndirectInputEvents = YES;
				INFOPLIST_KEY_UILaunchStoryboardName = LaunchScreen;
				INFOPLIST_KEY_UIMainStoryboardFile = Main;
				INFOPLIST_KEY_UISupportedInterfaceOrientations_iPad = "UIInterfaceOrientationPortrait UIInterfaceOrientationPortraitUpsideDown UIInterfaceOrientationLandscapeLeft UIInterfaceOrientationLandscapeRight";
				INFOPLIST_KEY_UISupportedInterfaceOrientations_iPhone = "UIInterfaceOrientationPortrait UIInterfaceOrientationLandscapeLeft UIInterfaceOrientationLandscapeRight";
				LD_RUNPATH_SEARCH_PATHS = (
					"$(inherited)",
					"@executable_path/Frameworks",
				);
				MARKETING_VERSION = 1.0;
				PRODUCT_BUNDLE_IDENTIFIER = HaydarBekmuradov.Animation;
				PRODUCT_NAME = "$(TARGET_NAME)";
				SWIFT_EMIT_LOC_STRINGS = YES;
				SWIFT_VERSION = 5.0;
				TARGETED_DEVICE_FAMILY = "1,2";
			};
			name = Release;
		};
/* End XCBuildConfiguration section */

/* Begin XCConfigurationList section */
		0D6A4BD128BC32D8000BDE68 /* Build configuration list for PBXProject "Animation" */ = {
			isa = XCConfigurationList;
			buildConfigurations = (
				0D6A4BE828BC32E2000BDE68 /* Debug */,
				0D6A4BE928BC32E2000BDE68 /* Release */,
			);
			defaultConfigurationIsVisible = 0;
			defaultConfigurationName = Release;
		};
		0D6A4BEA28BC32E2000BDE68 /* Build configuration list for PBXNativeTarget "Animation" */ = {
			isa = XCConfigurationList;
			buildConfigurations = (
				0D6A4BEB28BC32E2000BDE68 /* Debug */,
				0D6A4BEC28BC32E2000BDE68 /* Release */,
			);
			defaultConfigurationIsVisible = 0;
			defaultConfigurationName = Release;
		};
/* End XCConfigurationList section */

/* Begin XCRemoteSwiftPackageReference section */
		0D6A4BF728BC374B000BDE68 /* XCRemoteSwiftPackageReference "NVActivityIndicatorView.git" */ = {
			isa = XCRemoteSwiftPackageReference;
			repositoryURL = "https://github.com/ninjaprox/NVActivityIndicatorView.git";
			requirement = {
				kind = upToNextMajorVersion;
				minimumVersion = 5.0.0;
			};
		};
/* End XCRemoteSwiftPackageReference section */

/* Begin XCSwiftPackageProductDependency section */
		0D6A4BF828BC374C000BDE68 /* NVActivityIndicatorView */ = {
			isa = XCSwiftPackageProductDependency;
			package = 0D6A4BF728BC374B000BDE68 /* XCRemoteSwiftPackageReference "NVActivityIndicatorView.git" */;
			productName = NVActivityIndicatorView;
		};
		0D6A4BFA28BC374C000BDE68 /* NVActivityIndicatorViewExtended */ = {
			isa = XCSwiftPackageProductDependency;
			package = 0D6A4BF728BC374B000BDE68 /* XCRemoteSwiftPackageReference "NVActivityIndicatorView.git" */;
			productName = NVActivityIndicatorViewExtended;
		};
/* End XCSwiftPackageProductDependency section */
	};
	rootObject = 0D6A4BCE28BC32D8000BDE68 /* Project object */;
}
